
Microsoft Visual Studio Solution File, Format Version 12.00
# Visual Studio Version 17
Project("{2150E333-8FDC-42A3-9474-1A3956D46DE8}") = "CMakePredefinedTargets", "CMakePredefinedTargets", "{31E46B49-B181-3EF6-9C59-CE51035DB2E3}"
EndProject
Project("{2150E333-8FDC-42A3-9474-1A3956D46DE8}") = "GLFW3", "GLFW3", "{EA5D5129-C5A7-3D63-9A9C-CD2C5BCAA1C2}"
EndProject
Project("{8BC9CEB8-8B4A-11D0-8D11-00A0C91BC942}") = "ALL_BUILD", "ALL_BUILD.vcxproj", "{0A0FEC26-9530-3330-8E67-CB9EAB68DCD3}"
	ProjectSection(ProjectDependencies) = postProject
		{1E0A52CF-4E3A-3AC6-BFD4-D73458693F17} = {1E0A52CF-4E3A-3AC6-BFD4-D73458693F17}
		{4E81E7C4-7342-3738-A82B-27F648F96CDD} = {4E81E7C4-7342-3738-A82B-27F648F96CDD}
	EndProjectSection
EndProject
Project("{8BC9CEB8-8B4A-11D0-8D11-00A0C91BC942}") = "ZERO_CHECK", "ZERO_CHECK.vcxproj", "{1E0A52CF-4E3A-3AC6-BFD4-D73458693F17}"
	ProjectSection(ProjectDependencies) = postProject
	EndProjectSection
EndProject
Project("{8BC9CEB8-8B4A-11D0-8D11-00A0C91BC942}") = "glfw", "src\glfw.vcxproj", "{4E81E7C4-7342-3738-A82B-27F648F96CDD}"
	ProjectSection(ProjectDependencies) = postProject
		{1E0A52CF-4E3A-3AC6-BFD4-D73458693F17} = {1E0A52CF-4E3A-3AC6-BFD4-D73458693F17}
	EndProjectSection
EndProject
Project("{8BC9CEB8-8B4A-11D0-8D11-00A0C91BC942}") = "update_mappings", "src\update_mappings.vcxproj", "{A06DDC6B-DFB0-3FBF-8DDF-D361055C70E8}"
	ProjectSection(ProjectDependencies) = postProject
		{1E0A52CF-4E3A-3AC6-BFD4-D73458693F17} = {1E0A52CF-4E3A-3AC6-BFD4-D73458693F17}
	EndProjectSection
EndProject
Global
	GlobalSection(SolutionConfigurationPlatforms) = preSolution
		Debug|x64 = Debug|x64
		Release|x64 = Release|x64
		MinSizeRel|x64 = MinSizeRel|x64
		RelWithDebInfo|x64 = RelWithDebInfo|x64
	EndGlobalSection
	GlobalSection(ProjectConfigurationPlatforms) = postSolution
		{0A0FEC26-9530-3330-8E67-CB9EAB68DCD3}.Debug|x64.ActiveCfg = Debug|x64
		{0A0FEC26-9530-3330-8E67-CB9EAB68DCD3}.Release|x64.ActiveCfg = Release|x64
		{0A0FEC26-9530-3330-8E67-CB9EAB68DCD3}.MinSizeRel|x64.ActiveCfg = MinSizeRel|x64
		{0A0FEC26-9530-3330-8E67-CB9EAB68DCD3}.RelWithDebInfo|x64.ActiveCfg = RelWithDebInfo|x64
		{1E0A52CF-4E3A-3AC6-BFD4-D73458693F17}.Debug|x64.ActiveCfg = Debug|x64
		{1E0A52CF-4E3A-3AC6-BFD4-D73458693F17}.Debug|x64.Build.0 = Debug|x64
		{1E0A52CF-4E3A-3AC6-BFD4-D73458693F17}.Release|x64.ActiveCfg = Release|x64
		{1E0A52CF-4E3A-3AC6-BFD4-D73458693F17}.Release|x64.Build.0 = Release|x64
		{1E0A52CF-4E3A-3AC6-BFD4-D73458693F17}.MinSizeRel|x64.ActiveCfg = MinSizeRel|x64
		{1E0A52CF-4E3A-3AC6-BFD4-D73458693F17}.MinSizeRel|x64.Build.0 = MinSizeRel|x64
		{1E0A52CF-4E3A-3AC6-BFD4-D73458693F17}.RelWithDebInfo|x64.ActiveCfg = RelWithDebInfo|x64
		{1E0A52CF-4E3A-3AC6-BFD4-D73458693F17}.RelWithDebInfo|x64.Build.0 = RelWithDebInfo|x64
		{4E81E7C4-7342-3738-A82B-27F648F96CDD}.Debug|x64.ActiveCfg = Debug|x64
		{4E81E7C4-7342-3738-A82B-27F648F96CDD}.Debug|x64.Build.0 = Debug|x64
		{4E81E7C4-7342-3738-A82B-27F648F96CDD}.Release|x64.ActiveCfg = Release|x64
		{4E81E7C4-7342-3738-A82B-27F648F96CDD}.Release|x64.Build.0 = Release|x64
		{4E81E7C4-7342-3738-A82B-27F648F96CDD}.MinSizeRel|x64.ActiveCfg = MinSizeRel|x64
		{4E81E7C4-7342-3738-A82B-27F648F96CDD}.MinSizeRel|x64.Build.0 = MinSizeRel|x64
		{4E81E7C4-7342-3738-A82B-27F648F96CDD}.RelWithDebInfo|x64.ActiveCfg = RelWithDebInfo|x64
		{4E81E7C4-7342-3738-A82B-27F648F96CDD}.RelWithDebInfo|x64.Build.0 = RelWithDebInfo|x64
		{A06DDC6B-DFB0-3FBF-8DDF-D361055C70E8}.Debug|x64.ActiveCfg = Debug|x64
		{A06DDC6B-DFB0-3FBF-8DDF-D361055C70E8}.Release|x64.ActiveCfg = Release|x64
		{A06DDC6B-DFB0-3FBF-8DDF-D361055C70E8}.MinSizeRel|x64.ActiveCfg = MinSizeRel|x64
		{A06DDC6B-DFB0-3FBF-8DDF-D361055C70E8}.RelWithDebInfo|x64.ActiveCfg = RelWithDebInfo|x64
	EndGlobalSection
	GlobalSection(NestedProjects) = preSolution
		{0A0FEC26-9530-3330-8E67-CB9EAB68DCD3} = {31E46B49-B181-3EF6-9C59-CE51035DB2E3}
		{1E0A52CF-4E3A-3AC6-BFD4-D73458693F17} = {31E46B49-B181-3EF6-9C59-CE51035DB2E3}
		{4E81E7C4-7342-3738-A82B-27F648F96CDD} = {EA5D5129-C5A7-3D63-9A9C-CD2C5BCAA1C2}
		{A06DDC6B-DFB0-3FBF-8DDF-D361055C70E8} = {EA5D5129-C5A7-3D63-9A9C-CD2C5BCAA1C2}
	EndGlobalSection
	GlobalSection(ExtensibilityGlobals) = postSolution
		SolutionGuid = {E8E01E96-CDDA-30FF-91DE-17EC7BA7AB6C}
	EndGlobalSection
	GlobalSection(ExtensibilityAddIns) = postSolution
	EndGlobalSection
EndGlobal
