<?xml version="1.0" encoding="utf-8"?>
<Project ToolsVersion="17.0" xmlns="http://schemas.microsoft.com/developer/msbuild/2003">
  <ItemGroup>
    <CustomBuild Include="C:\Users\Emu\source\repos\F24_Amy_Ng\glfw_build\CMakeFiles\967706c8072cdd3688345ab1e613ecfa\generate.stamp.rule">
      <Filter>CMake Rules</Filter>
    </CustomBuild>
  </ItemGroup>
  <ItemGroup>
    <Filter Include="CMake Rules">
      <UniqueIdentifier>{C04B52EA-EF39-32D0-9FD5-6FF12B7D8A6F}</UniqueIdentifier>
    </Filter>
  </ItemGroup>
</Project>
