<?xml version="1.0" encoding="utf-8"?>
<Project ToolsVersion="17.0" xmlns="http://schemas.microsoft.com/developer/msbuild/2003">
  <ItemGroup>
    <CustomBuild Include="C:\Users\Ammeh\Desktop\Game Engines\Amy_Ng_Fall_24\glfw_build\CMakeFiles\ddf3060b34900efae357e3ce9c486cb8\update_mappings.rule">
      <Filter>CMake Rules</Filter>
    </CustomBuild>
    <CustomBuild Include="C:\Users\Ammeh\Desktop\Game Engines\Amy_Ng_Fall_24\glfw\src\CMakeLists.txt" />
  </ItemGroup>
  <ItemGroup>
    <None Include="C:\Users\Ammeh\Desktop\Game Engines\Amy_Ng_Fall_24\glfw\src\mappings.h.in">
      <Filter>Header Files</Filter>
    </None>
    <None Include="C:\Users\Ammeh\Desktop\Game Engines\Amy_Ng_Fall_24\glfw\CMake\GenerateMappings.cmake" />
    <None Include="C:\Users\Ammeh\Desktop\Game Engines\Amy_Ng_Fall_24\glfw_build\src\CMakeFiles\update_mappings" />
  </ItemGroup>
  <ItemGroup>
    <Filter Include="CMake Rules">
      <UniqueIdentifier>{F4A43237-0DB8-34DF-9F6A-10DE56639C3A}</UniqueIdentifier>
    </Filter>
    <Filter Include="Header Files">
      <UniqueIdentifier>{46697CB3-78F0-3F00-A2E5-07D093141AC8}</UniqueIdentifier>
    </Filter>
  </ItemGroup>
</Project>
